
Microsoft Visual Studio Solution File, Format Version 12.00
# Visual Studio Version 16
VisualStudioVersion = 16.0.32602.291
MinimumVisualStudioVersion = 10.0.40219.1
Project("{FAE04EC0-301F-11D3-BF4B-00C04F79EFBC}") = "Modulo_Tickets", "Modulo_Tickets\Modulo_Tickets.csproj", "{CAC882A7-DF09-4BE7-AB7F-C9227826B681}"
EndProject
Global
	GlobalSection(SolutionConfigurationPlatforms) = preSolution
		Debug|Any CPU = Debug|Any CPU
		Release|Any CPU = Release|Any CPU
	EndGlobalSection
	GlobalSection(ProjectConfigurationPlatforms) = postSolution
		{CAC882A7-DF09-4BE7-AB7F-C9227826B681}.Debug|Any CPU.ActiveCfg = Debug|Any CPU
		{CAC882A7-DF09-4BE7-AB7F-C9227826B681}.Debug|Any CPU.Build.0 = Debug|Any CPU
		{CAC882A7-DF09-4BE7-AB7F-C9227826B681}.Release|Any CPU.ActiveCfg = Release|Any CPU
		{CAC882A7-DF09-4BE7-AB7F-C9227826B681}.Release|Any CPU.Build.0 = Release|Any CPU
	EndGlobalSection
	GlobalSection(SolutionProperties) = preSolution
		HideSolutionNode = FALSE
	EndGlobalSection
	GlobalSection(ExtensibilityGlobals) = postSolution
		SolutionGuid = {475480F0-ACC0-4FAC-88BB-7C800120C638}
	EndGlobalSection
EndGlobal
